
Microsoft Visual Studio Solution File, Format Version 12.00
# Visual Studio 14
VisualStudioVersion = 14.0.25420.1
MinimumVisualStudioVersion = 10.0.40219.1
Project("{FAE04EC0-301F-11D3-BF4B-00C04F79EFBC}") = "Generator.Web", "Generator.Web\Generator.Web.csproj", "{FE5696D6-8700-42EB-9735-5EA60A296E87}"
EndProject
Project("{FAE04EC0-301F-11D3-BF4B-00C04F79EFBC}") = "Generator.Business", "Generator.Business\Generator.Business.csproj", "{0F9F120A-B710-4F63-BD18-9870BEF28D01}"
EndProject
Project("{FAE04EC0-301F-11D3-BF4B-00C04F79EFBC}") = "Generator.Business.Tests", "Generator.Business.Tests\Generator.Business.Tests.csproj", "{7B43DC44-16E4-487A-BE72-A9DCE567A19F}"
EndProject
Project("{2150E333-8FDC-42A3-9474-1A3956D46DE8}") = "Solution Items", "Solution Items", "{96D79220-53FC-451A-8B49-E845A5057096}"
EndProject
Global
	GlobalSection(SolutionConfigurationPlatforms) = preSolution
		Debug|Any CPU = Debug|Any CPU
		Release|Any CPU = Release|Any CPU
	EndGlobalSection
	GlobalSection(ProjectConfigurationPlatforms) = postSolution
		{FE5696D6-8700-42EB-9735-5EA60A296E87}.Debug|Any CPU.ActiveCfg = Debug|Any CPU
		{FE5696D6-8700-42EB-9735-5EA60A296E87}.Debug|Any CPU.Build.0 = Debug|Any CPU
		{FE5696D6-8700-42EB-9735-5EA60A296E87}.Release|Any CPU.ActiveCfg = Release|Any CPU
		{FE5696D6-8700-42EB-9735-5EA60A296E87}.Release|Any CPU.Build.0 = Release|Any CPU
		{0F9F120A-B710-4F63-BD18-9870BEF28D01}.Debug|Any CPU.ActiveCfg = Debug|Any CPU
		{0F9F120A-B710-4F63-BD18-9870BEF28D01}.Debug|Any CPU.Build.0 = Debug|Any CPU
		{0F9F120A-B710-4F63-BD18-9870BEF28D01}.Release|Any CPU.ActiveCfg = Release|Any CPU
		{0F9F120A-B710-4F63-BD18-9870BEF28D01}.Release|Any CPU.Build.0 = Release|Any CPU
		{7B43DC44-16E4-487A-BE72-A9DCE567A19F}.Debug|Any CPU.ActiveCfg = Debug|Any CPU
		{7B43DC44-16E4-487A-BE72-A9DCE567A19F}.Debug|Any CPU.Build.0 = Debug|Any CPU
		{7B43DC44-16E4-487A-BE72-A9DCE567A19F}.Release|Any CPU.ActiveCfg = Release|Any CPU
		{7B43DC44-16E4-487A-BE72-A9DCE567A19F}.Release|Any CPU.Build.0 = Release|Any CPU
	EndGlobalSection
	GlobalSection(SolutionProperties) = preSolution
		HideSolutionNode = FALSE
	EndGlobalSection
EndGlobal
